// !$*UTF8*$!
{
	archiveVersion = 1;
	classes = {
	};
	objectVersion = 56;
	objects = {

/* Begin PBXBuildFile section */
		8FB7FA19423B254483ECEF88 /* Pods_Practice.framework in Frameworks */ = {isa = PBXBuildFile; fileRef = FDDE26D7DDB652DF9A9E8F88 /* Pods_Practice.framework */; };
		B931D1502952B02E002B3F1D /* UITableHeader.swift in Sources */ = {isa = PBXBuildFile; fileRef = B931D14F2952B02E002B3F1D /* UITableHeader.swift */; };
		B9362CA1299A0829003539B2 /* UIButtonPr.swift in Sources */ = {isa = PBXBuildFile; fileRef = B9362CA0299A0829003539B2 /* UIButtonPr.swift */; };
		B9362CA4299A0836003539B2 /* UIButton+.swift in Sources */ = {isa = PBXBuildFile; fileRef = B9362CA3299A0836003539B2 /* UIButton+.swift */; };
		B944073B29AC9A5E004822B1 /* XlPagerTabStripPr.swift in Sources */ = {isa = PBXBuildFile; fileRef = B944073A29AC9A5E004822B1 /* XlPagerTabStripPr.swift */; };
		B944073E29AC9E34004822B1 /* FirstTab.swift in Sources */ = {isa = PBXBuildFile; fileRef = B944073D29AC9E34004822B1 /* FirstTab.swift */; };
		B944074029AC9E5E004822B1 /* SecondTab.swift in Sources */ = {isa = PBXBuildFile; fileRef = B944073F29AC9E5E004822B1 /* SecondTab.swift */; };
		B944074329ACAEAE004822B1 /* Then in Frameworks */ = {isa = PBXBuildFile; productRef = B944074229ACAEAE004822B1 /* Then */; };
		B946933729977CAF000E2A9D /* SdwebImagePr.swift in Sources */ = {isa = PBXBuildFile; fileRef = B946933629977CAF000E2A9D /* SdwebImagePr.swift */; };
		B946933A29977CCC000E2A9D /* SDWebImage in Frameworks */ = {isa = PBXBuildFile; productRef = B946933929977CCC000E2A9D /* SDWebImage */; };
		B946933D29978AE7000E2A9D /* SDWebImageFLPlugin in Frameworks */ = {isa = PBXBuildFile; productRef = B946933C29978AE7000E2A9D /* SDWebImageFLPlugin */; };
		B95BAB042950610B004D6306 /* AppDelegate.swift in Sources */ = {isa = PBXBuildFile; fileRef = B95BAB032950610B004D6306 /* AppDelegate.swift */; };
		B95BAB062950610B004D6306 /* SceneDelegate.swift in Sources */ = {isa = PBXBuildFile; fileRef = B95BAB052950610B004D6306 /* SceneDelegate.swift */; };
		B95BAB0D2950610C004D6306 /* Assets.xcassets in Resources */ = {isa = PBXBuildFile; fileRef = B95BAB0C2950610C004D6306 /* Assets.xcassets */; };
		B95BAB102950610C004D6306 /* LaunchScreen.storyboard in Resources */ = {isa = PBXBuildFile; fileRef = B95BAB0E2950610C004D6306 /* LaunchScreen.storyboard */; };
		B95BAB18295061C1004D6306 /* NavigationBarController.swift in Sources */ = {isa = PBXBuildFile; fileRef = B95BAB17295061C1004D6306 /* NavigationBarController.swift */; };
		B95BAB1B295071D5004D6306 /* UINavigationController+.swift in Sources */ = {isa = PBXBuildFile; fileRef = B95BAB1A295071D5004D6306 /* UINavigationController+.swift */; };
		B95BAB1E29507A95004D6306 /* UINavigationItem+.swift in Sources */ = {isa = PBXBuildFile; fileRef = B95BAB1D29507A95004D6306 /* UINavigationItem+.swift */; };
		B9670C3B29514F6800616BC5 /* TableViewController.swift in Sources */ = {isa = PBXBuildFile; fileRef = B9670C3A29514F6800616BC5 /* TableViewController.swift */; };
		B9670C3E29514F8700616BC5 /* UITableCell.swift in Sources */ = {isa = PBXBuildFile; fileRef = B9670C3D29514F8700616BC5 /* UITableCell.swift */; };
		B9670C4129514FDF00616BC5 /* SnapKit in Frameworks */ = {isa = PBXBuildFile; productRef = B9670C4029514FDF00616BC5 /* SnapKit */; };
		B9670C432951507F00616BC5 /* swiftUIData.swift in Sources */ = {isa = PBXBuildFile; fileRef = B9670C422951507F00616BC5 /* swiftUIData.swift */; };
		B96CFB85298E2B2F00AD16F4 /* UISegmentedControlPr.swift in Sources */ = {isa = PBXBuildFile; fileRef = B96CFB84298E2B2F00AD16F4 /* UISegmentedControlPr.swift */; };
		B96CFB88298E397900AD16F4 /* UISegmentControl+.swift in Sources */ = {isa = PBXBuildFile; fileRef = B96CFB87298E397900AD16F4 /* UISegmentControl+.swift */; };
/* End PBXBuildFile section */

/* Begin PBXFileReference section */
		B931D14F2952B02E002B3F1D /* UITableHeader.swift */ = {isa = PBXFileReference; lastKnownFileType = sourcecode.swift; path = UITableHeader.swift; sourceTree = "<group>"; };
		B9362CA0299A0829003539B2 /* UIButtonPr.swift */ = {isa = PBXFileReference; lastKnownFileType = sourcecode.swift; path = UIButtonPr.swift; sourceTree = "<group>"; };
		B9362CA3299A0836003539B2 /* UIButton+.swift */ = {isa = PBXFileReference; lastKnownFileType = sourcecode.swift; path = "UIButton+.swift"; sourceTree = "<group>"; };
		B944073A29AC9A5E004822B1 /* XlPagerTabStripPr.swift */ = {isa = PBXFileReference; lastKnownFileType = sourcecode.swift; path = XlPagerTabStripPr.swift; sourceTree = "<group>"; };
		B944073D29AC9E34004822B1 /* FirstTab.swift */ = {isa = PBXFileReference; lastKnownFileType = sourcecode.swift; path = FirstTab.swift; sourceTree = "<group>"; };
		B944073F29AC9E5E004822B1 /* SecondTab.swift */ = {isa = PBXFileReference; lastKnownFileType = sourcecode.swift; path = SecondTab.swift; sourceTree = "<group>"; };
		B946933629977CAF000E2A9D /* SdwebImagePr.swift */ = {isa = PBXFileReference; lastKnownFileType = sourcecode.swift; path = SdwebImagePr.swift; sourceTree = "<group>"; };
		B95BAB002950610B004D6306 /* Practice.app */ = {isa = PBXFileReference; explicitFileType = wrapper.application; includeInIndex = 0; path = Practice.app; sourceTree = BUILT_PRODUCTS_DIR; };
		B95BAB032950610B004D6306 /* AppDelegate.swift */ = {isa = PBXFileReference; lastKnownFileType = sourcecode.swift; path = AppDelegate.swift; sourceTree = "<group>"; };
		B95BAB052950610B004D6306 /* SceneDelegate.swift */ = {isa = PBXFileReference; lastKnownFileType = sourcecode.swift; path = SceneDelegate.swift; sourceTree = "<group>"; };
		B95BAB0C2950610C004D6306 /* Assets.xcassets */ = {isa = PBXFileReference; lastKnownFileType = folder.assetcatalog; path = Assets.xcassets; sourceTree = "<group>"; };
		B95BAB0F2950610C004D6306 /* Base */ = {isa = PBXFileReference; lastKnownFileType = file.storyboard; name = Base; path = Base.lproj/LaunchScreen.storyboard; sourceTree = "<group>"; };
		B95BAB112950610C004D6306 /* Info.plist */ = {isa = PBXFileReference; lastKnownFileType = text.plist.xml; path = Info.plist; sourceTree = "<group>"; };
		B95BAB17295061C1004D6306 /* NavigationBarController.swift */ = {isa = PBXFileReference; lastKnownFileType = sourcecode.swift; path = NavigationBarController.swift; sourceTree = "<group>"; };
		B95BAB1A295071D5004D6306 /* UINavigationController+.swift */ = {isa = PBXFileReference; lastKnownFileType = sourcecode.swift; path = "UINavigationController+.swift"; sourceTree = "<group>"; };
		B95BAB1D29507A95004D6306 /* UINavigationItem+.swift */ = {isa = PBXFileReference; lastKnownFileType = sourcecode.swift; path = "UINavigationItem+.swift"; sourceTree = "<group>"; };
		B9670C3A29514F6800616BC5 /* TableViewController.swift */ = {isa = PBXFileReference; lastKnownFileType = sourcecode.swift; path = TableViewController.swift; sourceTree = "<group>"; };
		B9670C3D29514F8700616BC5 /* UITableCell.swift */ = {isa = PBXFileReference; lastKnownFileType = sourcecode.swift; path = UITableCell.swift; sourceTree = "<group>"; };
		B9670C422951507F00616BC5 /* swiftUIData.swift */ = {isa = PBXFileReference; lastKnownFileType = sourcecode.swift; path = swiftUIData.swift; sourceTree = "<group>"; };
		B96CFB84298E2B2F00AD16F4 /* UISegmentedControlPr.swift */ = {isa = PBXFileReference; lastKnownFileType = sourcecode.swift; path = UISegmentedControlPr.swift; sourceTree = "<group>"; };
		B96CFB87298E397900AD16F4 /* UISegmentControl+.swift */ = {isa = PBXFileReference; lastKnownFileType = sourcecode.swift; path = "UISegmentControl+.swift"; sourceTree = "<group>"; };
		C7A662A1E164D086B278E834 /* Pods-Practice.debug.xcconfig */ = {isa = PBXFileReference; includeInIndex = 1; lastKnownFileType = text.xcconfig; name = "Pods-Practice.debug.xcconfig"; path = "Target Support Files/Pods-Practice/Pods-Practice.debug.xcconfig"; sourceTree = "<group>"; };
		FDDE26D7DDB652DF9A9E8F88 /* Pods_Practice.framework */ = {isa = PBXFileReference; explicitFileType = wrapper.framework; includeInIndex = 0; path = Pods_Practice.framework; sourceTree = BUILT_PRODUCTS_DIR; };
		FE5305E5D0E9A0E86715E07A /* Pods-Practice.release.xcconfig */ = {isa = PBXFileReference; includeInIndex = 1; lastKnownFileType = text.xcconfig; name = "Pods-Practice.release.xcconfig"; path = "Target Support Files/Pods-Practice/Pods-Practice.release.xcconfig"; sourceTree = "<group>"; };
/* End PBXFileReference section */

/* Begin PBXFrameworksBuildPhase section */
		B95BAAFD2950610B004D6306 /* Frameworks */ = {
			isa = PBXFrameworksBuildPhase;
			buildActionMask = 2147483647;
			files = (
				B944074329ACAEAE004822B1 /* Then in Frameworks */,
				B946933D29978AE7000E2A9D /* SDWebImageFLPlugin in Frameworks */,
				B946933A29977CCC000E2A9D /* SDWebImage in Frameworks */,
				B9670C4129514FDF00616BC5 /* SnapKit in Frameworks */,
				8FB7FA19423B254483ECEF88 /* Pods_Practice.framework in Frameworks */,
			);
			runOnlyForDeploymentPostprocessing = 0;
		};
/* End PBXFrameworksBuildPhase section */

/* Begin PBXGroup section */
		AD14392FCB33F85D17A9351E /* Frameworks */ = {
			isa = PBXGroup;
			children = (
				FDDE26D7DDB652DF9A9E8F88 /* Pods_Practice.framework */,
			);
			name = Frameworks;
			sourceTree = "<group>";
		};
		AF1D824DA6515FB1CB158C47 /* Pods */ = {
			isa = PBXGroup;
			children = (
				C7A662A1E164D086B278E834 /* Pods-Practice.debug.xcconfig */,
				FE5305E5D0E9A0E86715E07A /* Pods-Practice.release.xcconfig */,
			);
			path = Pods;
			sourceTree = "<group>";
		};
		B9362C9F299A0807003539B2 /* SDWebImage */ = {
			isa = PBXGroup;
			children = (
				B946933629977CAF000E2A9D /* SdwebImagePr.swift */,
			);
			path = SDWebImage;
			sourceTree = "<group>";
		};
		B9362CA2299A082C003539B2 /* UIButton */ = {
			isa = PBXGroup;
			children = (
				B9362CA5299A0858003539B2 /* Utils */,
				B9362CA0299A0829003539B2 /* UIButtonPr.swift */,
			);
			path = UIButton;
			sourceTree = "<group>";
		};
		B9362CA5299A0858003539B2 /* Utils */ = {
			isa = PBXGroup;
			children = (
				B9362CA3299A0836003539B2 /* UIButton+.swift */,
			);
			path = Utils;
			sourceTree = "<group>";
		};
		B944073C29AC9A63004822B1 /* XLPagerTabStrip */ = {
			isa = PBXGroup;
			children = (
				B944073A29AC9A5E004822B1 /* XlPagerTabStripPr.swift */,
				B944073D29AC9E34004822B1 /* FirstTab.swift */,
				B944073F29AC9E5E004822B1 /* SecondTab.swift */,
			);
			path = XLPagerTabStrip;
			sourceTree = "<group>";
		};
		B95BAAF72950610B004D6306 = {
			isa = PBXGroup;
			children = (
				B95BAB022950610B004D6306 /* Practice */,
				B95BAB012950610B004D6306 /* Products */,
				AF1D824DA6515FB1CB158C47 /* Pods */,
				AD14392FCB33F85D17A9351E /* Frameworks */,
			);
			sourceTree = "<group>";
		};
		B95BAB012950610B004D6306 /* Products */ = {
			isa = PBXGroup;
			children = (
				B95BAB002950610B004D6306 /* Practice.app */,
			);
			name = Products;
			sourceTree = "<group>";
		};
		B95BAB022950610B004D6306 /* Practice */ = {
			isa = PBXGroup;
			children = (
				B95BAB032950610B004D6306 /* AppDelegate.swift */,
				B95BAB052950610B004D6306 /* SceneDelegate.swift */,
				B944073C29AC9A63004822B1 /* XLPagerTabStrip */,
				B96CFB86298E395600AD16F4 /* UISegmentControl */,
				B9362C9F299A0807003539B2 /* SDWebImage */,
				B9362CA2299A082C003539B2 /* UIButton */,
				B9670C3C29514F7100616BC5 /* UITableView */,
				B95BAB19295061DE004D6306 /* UINavigationBar */,
				B95BAB0C2950610C004D6306 /* Assets.xcassets */,
				B95BAB0E2950610C004D6306 /* LaunchScreen.storyboard */,
				B95BAB112950610C004D6306 /* Info.plist */,
				B9670C422951507F00616BC5 /* swiftUIData.swift */,
			);
			path = Practice;
			sourceTree = "<group>";
		};
		B95BAB19295061DE004D6306 /* UINavigationBar */ = {
			isa = PBXGroup;
			children = (
				B95BAB1C295071D8004D6306 /* Utils */,
				B95BAB17295061C1004D6306 /* NavigationBarController.swift */,
			);
			path = UINavigationBar;
			sourceTree = "<group>";
		};
		B95BAB1C295071D8004D6306 /* Utils */ = {
			isa = PBXGroup;
			children = (
				B95BAB1A295071D5004D6306 /* UINavigationController+.swift */,
				B95BAB1D29507A95004D6306 /* UINavigationItem+.swift */,
			);
			path = Utils;
			sourceTree = "<group>";
		};
		B9670C3C29514F7100616BC5 /* UITableView */ = {
			isa = PBXGroup;
			children = (
				B9670C3A29514F6800616BC5 /* TableViewController.swift */,
				B9670C3D29514F8700616BC5 /* UITableCell.swift */,
				B931D14F2952B02E002B3F1D /* UITableHeader.swift */,
			);
			path = UITableView;
			sourceTree = "<group>";
		};
		B96CFB86298E395600AD16F4 /* UISegmentControl */ = {
			isa = PBXGroup;
			children = (
				B96CFB84298E2B2F00AD16F4 /* UISegmentedControlPr.swift */,
				B96CFB87298E397900AD16F4 /* UISegmentControl+.swift */,
			);
			path = UISegmentControl;
			sourceTree = "<group>";
		};
/* End PBXGroup section */

/* Begin PBXNativeTarget section */
		B95BAAFF2950610B004D6306 /* Practice */ = {
			isa = PBXNativeTarget;
			buildConfigurationList = B95BAB142950610C004D6306 /* Build configuration list for PBXNativeTarget "Practice" */;
			buildPhases = (
				1AD30BD5E7714AD41233E03A /* [CP] Check Pods Manifest.lock */,
				B95BAAFC2950610B004D6306 /* Sources */,
				B95BAAFD2950610B004D6306 /* Frameworks */,
				B95BAAFE2950610B004D6306 /* Resources */,
				DA39BE04D1BDA4EB096DFF03 /* [CP] Embed Pods Frameworks */,
			);
			buildRules = (
			);
			dependencies = (
			);
			name = Practice;
			packageProductDependencies = (
				B9670C4029514FDF00616BC5 /* SnapKit */,
				B946933929977CCC000E2A9D /* SDWebImage */,
				B946933C29978AE7000E2A9D /* SDWebImageFLPlugin */,
				B944074229ACAEAE004822B1 /* Then */,
			);
			productName = Practice;
			productReference = B95BAB002950610B004D6306 /* Practice.app */;
			productType = "com.apple.product-type.application";
		};
/* End PBXNativeTarget section */

/* Begin PBXProject section */
		B95BAAF82950610B004D6306 /* Project object */ = {
			isa = PBXProject;
			attributes = {
				BuildIndependentTargetsInParallel = 1;
				LastSwiftUpdateCheck = 1420;
				LastUpgradeCheck = 1420;
				TargetAttributes = {
					B95BAAFF2950610B004D6306 = {
						CreatedOnToolsVersion = 14.2;
					};
				};
			};
			buildConfigurationList = B95BAAFB2950610B004D6306 /* Build configuration list for PBXProject "Practice" */;
			compatibilityVersion = "Xcode 14.0";
			developmentRegion = en;
			hasScannedForEncodings = 0;
			knownRegions = (
				en,
				Base,
			);
			mainGroup = B95BAAF72950610B004D6306;
			packageReferences = (
				B9670C3F29514FDF00616BC5 /* XCRemoteSwiftPackageReference "SnapKit" */,
				B946933829977CCC000E2A9D /* XCRemoteSwiftPackageReference "SDWebImage" */,
				B946933B29978AE7000E2A9D /* XCRemoteSwiftPackageReference "SDWebImageFLPlugin" */,
				B944074129ACAEAE004822B1 /* XCRemoteSwiftPackageReference "Then" */,
			);
			productRefGroup = B95BAB012950610B004D6306 /* Products */;
			projectDirPath = "";
			projectRoot = "";
			targets = (
				B95BAAFF2950610B004D6306 /* Practice */,
			);
		};
/* End PBXProject section */

/* Begin PBXResourcesBuildPhase section */
		B95BAAFE2950610B004D6306 /* Resources */ = {
			isa = PBXResourcesBuildPhase;
			buildActionMask = 2147483647;
			files = (
				B95BAB102950610C004D6306 /* LaunchScreen.storyboard in Resources */,
				B95BAB0D2950610C004D6306 /* Assets.xcassets in Resources */,
			);
			runOnlyForDeploymentPostprocessing = 0;
		};
/* End PBXResourcesBuildPhase section */

/* Begin PBXShellScriptBuildPhase section */
		1AD30BD5E7714AD41233E03A /* [CP] Check Pods Manifest.lock */ = {
			isa = PBXShellScriptBuildPhase;
			buildActionMask = 2147483647;
			files = (
			);
			inputFileListPaths = (
			);
			inputPaths = (
				"${PODS_PODFILE_DIR_PATH}/Podfile.lock",
				"${PODS_ROOT}/Manifest.lock",
			);
			name = "[CP] Check Pods Manifest.lock";
			outputFileListPaths = (
			);
			outputPaths = (
				"$(DERIVED_FILE_DIR)/Pods-Practice-checkManifestLockResult.txt",
			);
			runOnlyForDeploymentPostprocessing = 0;
			shellPath = /bin/sh;
			shellScript = "diff \"${PODS_PODFILE_DIR_PATH}/Podfile.lock\" \"${PODS_ROOT}/Manifest.lock\" > /dev/null\nif [ $? != 0 ] ; then\n    # print error to STDERR\n    echo \"error: The sandbox is not in sync with the Podfile.lock. Run 'pod install' or update your CocoaPods installation.\" >&2\n    exit 1\nfi\n# This output is used by Xcode 'outputs' to avoid re-running this script phase.\necho \"SUCCESS\" > \"${SCRIPT_OUTPUT_FILE_0}\"\n";
			showEnvVarsInLog = 0;
		};
		DA39BE04D1BDA4EB096DFF03 /* [CP] Embed Pods Frameworks */ = {
			isa = PBXShellScriptBuildPhase;
			buildActionMask = 2147483647;
			files = (
			);
			inputFileListPaths = (
				"${PODS_ROOT}/Target Support Files/Pods-Practice/Pods-Practice-frameworks-${CONFIGURATION}-input-files.xcfilelist",
			);
			name = "[CP] Embed Pods Frameworks";
			outputFileListPaths = (
				"${PODS_ROOT}/Target Support Files/Pods-Practice/Pods-Practice-frameworks-${CONFIGURATION}-output-files.xcfilelist",
			);
			runOnlyForDeploymentPostprocessing = 0;
			shellPath = /bin/sh;
			shellScript = "\"${PODS_ROOT}/Target Support Files/Pods-Practice/Pods-Practice-frameworks.sh\"\n";
			showEnvVarsInLog = 0;
		};
/* End PBXShellScriptBuildPhase section */

/* Begin PBXSourcesBuildPhase section */
		B95BAAFC2950610B004D6306 /* Sources */ = {
			isa = PBXSourcesBuildPhase;
			buildActionMask = 2147483647;
			files = (
				B9670C3E29514F8700616BC5 /* UITableCell.swift in Sources */,
				B9362CA4299A0836003539B2 /* UIButton+.swift in Sources */,
				B9670C432951507F00616BC5 /* swiftUIData.swift in Sources */,
				B9362CA1299A0829003539B2 /* UIButtonPr.swift in Sources */,
				B944073B29AC9A5E004822B1 /* XlPagerTabStripPr.swift in Sources */,
				B96CFB88298E397900AD16F4 /* UISegmentControl+.swift in Sources */,
				B95BAB18295061C1004D6306 /* NavigationBarController.swift in Sources */,
				B95BAB1B295071D5004D6306 /* UINavigationController+.swift in Sources */,
				B944073E29AC9E34004822B1 /* FirstTab.swift in Sources */,
				B96CFB85298E2B2F00AD16F4 /* UISegmentedControlPr.swift in Sources */,
				B931D1502952B02E002B3F1D /* UITableHeader.swift in Sources */,
				B946933729977CAF000E2A9D /* SdwebImagePr.swift in Sources */,
				B944074029AC9E5E004822B1 /* SecondTab.swift in Sources */,
				B95BAB1E29507A95004D6306 /* UINavigationItem+.swift in Sources */,
				B95BAB042950610B004D6306 /* AppDelegate.swift in Sources */,
				B95BAB062950610B004D6306 /* SceneDelegate.swift in Sources */,
				B9670C3B29514F6800616BC5 /* TableViewController.swift in Sources */,
			);
			runOnlyForDeploymentPostprocessing = 0;
		};
/* End PBXSourcesBuildPhase section */

/* Begin PBXVariantGroup section */
		B95BAB0E2950610C004D6306 /* LaunchScreen.storyboard */ = {
			isa = PBXVariantGroup;
			children = (
				B95BAB0F2950610C004D6306 /* Base */,
			);
			name = LaunchScreen.storyboard;
			sourceTree = "<group>";
		};
/* End PBXVariantGroup section */

/* Begin XCBuildConfiguration section */
		B95BAB122950610C004D6306 /* Debug */ = {
			isa = XCBuildConfiguration;
			buildSettings = {
				ALWAYS_SEARCH_USER_PATHS = NO;
				CLANG_ANALYZER_NONNULL = YES;
				CLANG_ANALYZER_NUMBER_OBJECT_CONVERSION = YES_AGGRESSIVE;
				CLANG_CXX_LANGUAGE_STANDARD = "gnu++20";
				CLANG_ENABLE_MODULES = YES;
				CLANG_ENABLE_OBJC_ARC = YES;
				CLANG_ENABLE_OBJC_WEAK = YES;
				CLANG_WARN_BLOCK_CAPTURE_AUTORELEASING = YES;
				CLANG_WARN_BOOL_CONVERSION = YES;
				CLANG_WARN_COMMA = YES;
				CLANG_WARN_CONSTANT_CONVERSION = YES;
				CLANG_WARN_DEPRECATED_OBJC_IMPLEMENTATIONS = YES;
				CLANG_WARN_DIRECT_OBJC_ISA_USAGE = YES_ERROR;
				CLANG_WARN_DOCUMENTATION_COMMENTS = YES;
				CLANG_WARN_EMPTY_BODY = YES;
				CLANG_WARN_ENUM_CONVERSION = YES;
				CLANG_WARN_INFINITE_RECURSION = YES;
				CLANG_WARN_INT_CONVERSION = YES;
				CLANG_WARN_NON_LITERAL_NULL_CONVERSION = YES;
				CLANG_WARN_OBJC_IMPLICIT_RETAIN_SELF = YES;
				CLANG_WARN_OBJC_LITERAL_CONVERSION = YES;
				CLANG_WARN_OBJC_ROOT_CLASS = YES_ERROR;
				CLANG_WARN_QUOTED_INCLUDE_IN_FRAMEWORK_HEADER = YES;
				CLANG_WARN_RANGE_LOOP_ANALYSIS = YES;
				CLANG_WARN_STRICT_PROTOTYPES = YES;
				CLANG_WARN_SUSPICIOUS_MOVE = YES;
				CLANG_WARN_UNGUARDED_AVAILABILITY = YES_AGGRESSIVE;
				CLANG_WARN_UNREACHABLE_CODE = YES;
				CLANG_WARN__DUPLICATE_METHOD_MATCH = YES;
				COPY_PHASE_STRIP = NO;
				DEBUG_INFORMATION_FORMAT = dwarf;
				ENABLE_STRICT_OBJC_MSGSEND = YES;
				ENABLE_TESTABILITY = YES;
				GCC_C_LANGUAGE_STANDARD = gnu11;
				GCC_DYNAMIC_NO_PIC = NO;
				GCC_NO_COMMON_BLOCKS = YES;
				GCC_OPTIMIZATION_LEVEL = 0;
				GCC_PREPROCESSOR_DEFINITIONS = (
					"DEBUG=1",
					"$(inherited)",
				);
				GCC_WARN_64_TO_32_BIT_CONVERSION = YES;
				GCC_WARN_ABOUT_RETURN_TYPE = YES_ERROR;
				GCC_WARN_UNDECLARED_SELECTOR = YES;
				GCC_WARN_UNINITIALIZED_AUTOS = YES_AGGRESSIVE;
				GCC_WARN_UNUSED_FUNCTION = YES;
				GCC_WARN_UNUSED_VARIABLE = YES;
				IPHONEOS_DEPLOYMENT_TARGET = 16.2;
				MTL_ENABLE_DEBUG_INFO = INCLUDE_SOURCE;
				MTL_FAST_MATH = YES;
				ONLY_ACTIVE_ARCH = YES;
				SDKROOT = iphoneos;
				SWIFT_ACTIVE_COMPILATION_CONDITIONS = DEBUG;
				SWIFT_OPTIMIZATION_LEVEL = "-Onone";
			};
			name = Debug;
		};
		B95BAB132950610C004D6306 /* Release */ = {
			isa = XCBuildConfiguration;
			buildSettings = {
				ALWAYS_SEARCH_USER_PATHS = NO;
				CLANG_ANALYZER_NONNULL = YES;
				CLANG_ANALYZER_NUMBER_OBJECT_CONVERSION = YES_AGGRESSIVE;
				CLANG_CXX_LANGUAGE_STANDARD = "gnu++20";
				CLANG_ENABLE_MODULES = YES;
				CLANG_ENABLE_OBJC_ARC = YES;
				CLANG_ENABLE_OBJC_WEAK = YES;
				CLANG_WARN_BLOCK_CAPTURE_AUTORELEASING = YES;
				CLANG_WARN_BOOL_CONVERSION = YES;
				CLANG_WARN_COMMA = YES;
				CLANG_WARN_CONSTANT_CONVERSION = YES;
				CLANG_WARN_DEPRECATED_OBJC_IMPLEMENTATIONS = YES;
				CLANG_WARN_DIRECT_OBJC_ISA_USAGE = YES_ERROR;
				CLANG_WARN_DOCUMENTATION_COMMENTS = YES;
				CLANG_WARN_EMPTY_BODY = YES;
				CLANG_WARN_ENUM_CONVERSION = YES;
				CLANG_WARN_INFINITE_RECURSION = YES;
				CLANG_WARN_INT_CONVERSION = YES;
				CLANG_WARN_NON_LITERAL_NULL_CONVERSION = YES;
				CLANG_WARN_OBJC_IMPLICIT_RETAIN_SELF = YES;
				CLANG_WARN_OBJC_LITERAL_CONVERSION = YES;
				CLANG_WARN_OBJC_ROOT_CLASS = YES_ERROR;
				CLANG_WARN_QUOTED_INCLUDE_IN_FRAMEWORK_HEADER = YES;
				CLANG_WARN_RANGE_LOOP_ANALYSIS = YES;
				CLANG_WARN_STRICT_PROTOTYPES = YES;
				CLANG_WARN_SUSPICIOUS_MOVE = YES;
				CLANG_WARN_UNGUARDED_AVAILABILITY = YES_AGGRESSIVE;
				CLANG_WARN_UNREACHABLE_CODE = YES;
				CLANG_WARN__DUPLICATE_METHOD_MATCH = YES;
				COPY_PHASE_STRIP = NO;
				DEBUG_INFORMATION_FORMAT = "dwarf-with-dsym";
				ENABLE_NS_ASSERTIONS = NO;
				ENABLE_STRICT_OBJC_MSGSEND = YES;
				GCC_C_LANGUAGE_STANDARD = gnu11;
				GCC_NO_COMMON_BLOCKS = YES;
				GCC_WARN_64_TO_32_BIT_CONVERSION = YES;
				GCC_WARN_ABOUT_RETURN_TYPE = YES_ERROR;
				GCC_WARN_UNDECLARED_SELECTOR = YES;
				GCC_WARN_UNINITIALIZED_AUTOS = YES_AGGRESSIVE;
				GCC_WARN_UNUSED_FUNCTION = YES;
				GCC_WARN_UNUSED_VARIABLE = YES;
				IPHONEOS_DEPLOYMENT_TARGET = 16.2;
				MTL_ENABLE_DEBUG_INFO = NO;
				MTL_FAST_MATH = YES;
				SDKROOT = iphoneos;
				SWIFT_COMPILATION_MODE = wholemodule;
				SWIFT_OPTIMIZATION_LEVEL = "-O";
				VALIDATE_PRODUCT = YES;
			};
			name = Release;
		};
		B95BAB152950610C004D6306 /* Debug */ = {
			isa = XCBuildConfiguration;
			baseConfigurationReference = C7A662A1E164D086B278E834 /* Pods-Practice.debug.xcconfig */;
			buildSettings = {
				ASSETCATALOG_COMPILER_APPICON_NAME = AppIcon;
				ASSETCATALOG_COMPILER_GLOBAL_ACCENT_COLOR_NAME = AccentColor;
				CODE_SIGN_STYLE = Automatic;
				CURRENT_PROJECT_VERSION = 1;
				DEVELOPMENT_TEAM = NMLQKC3L6A;
				GENERATE_INFOPLIST_FILE = YES;
				INFOPLIST_FILE = Practice/Info.plist;
				INFOPLIST_KEY_UIApplicationSupportsIndirectInputEvents = YES;
				INFOPLIST_KEY_UILaunchStoryboardName = LaunchScreen;
				INFOPLIST_KEY_UISupportedInterfaceOrientations_iPad = "UIInterfaceOrientationPortrait UIInterfaceOrientationPortraitUpsideDown UIInterfaceOrientationLandscapeLeft UIInterfaceOrientationLandscapeRight";
				INFOPLIST_KEY_UISupportedInterfaceOrientations_iPhone = "UIInterfaceOrientationPortrait UIInterfaceOrientationLandscapeLeft UIInterfaceOrientationLandscapeRight";
				LD_RUNPATH_SEARCH_PATHS = (
					"$(inherited)",
					"@executable_path/Frameworks",
				);
				MARKETING_VERSION = 1.0;
				PRODUCT_BUNDLE_IDENTIFIER = com.hylee.Practice;
				PRODUCT_NAME = "$(TARGET_NAME)";
				SWIFT_EMIT_LOC_STRINGS = YES;
				SWIFT_VERSION = 5.0;
				TARGETED_DEVICE_FAMILY = "1,2";
			};
			name = Debug;
		};
		B95BAB162950610C004D6306 /* Release */ = {
			isa = XCBuildConfiguration;
			baseConfigurationReference = FE5305E5D0E9A0E86715E07A /* Pods-Practice.release.xcconfig */;
			buildSettings = {
				ASSETCATALOG_COMPILER_APPICON_NAME = AppIcon;
				ASSETCATALOG_COMPILER_GLOBAL_ACCENT_COLOR_NAME = AccentColor;
				CODE_SIGN_STYLE = Automatic;
				CURRENT_PROJECT_VERSION = 1;
				DEVELOPMENT_TEAM = NMLQKC3L6A;
				GENERATE_INFOPLIST_FILE = YES;
				INFOPLIST_FILE = Practice/Info.plist;
				INFOPLIST_KEY_UIApplicationSupportsIndirectInputEvents = YES;
				INFOPLIST_KEY_UILaunchStoryboardName = LaunchScreen;
				INFOPLIST_KEY_UISupportedInterfaceOrientations_iPad = "UIInterfaceOrientationPortrait UIInterfaceOrientationPortraitUpsideDown UIInterfaceOrientationLandscapeLeft UIInterfaceOrientationLandscapeRight";
				INFOPLIST_KEY_UISupportedInterfaceOrientations_iPhone = "UIInterfaceOrientationPortrait UIInterfaceOrientationLandscapeLeft UIInterfaceOrientationLandscapeRight";
				LD_RUNPATH_SEARCH_PATHS = (
					"$(inherited)",
					"@executable_path/Frameworks",
				);
				MARKETING_VERSION = 1.0;
				PRODUCT_BUNDLE_IDENTIFIER = com.hylee.Practice;
				PRODUCT_NAME = "$(TARGET_NAME)";
				SWIFT_EMIT_LOC_STRINGS = YES;
				SWIFT_VERSION = 5.0;
				TARGETED_DEVICE_FAMILY = "1,2";
			};
			name = Release;
		};
/* End XCBuildConfiguration section */

/* Begin XCConfigurationList section */
		B95BAAFB2950610B004D6306 /* Build configuration list for PBXProject "Practice" */ = {
			isa = XCConfigurationList;
			buildConfigurations = (
				B95BAB122950610C004D6306 /* Debug */,
				B95BAB132950610C004D6306 /* Release */,
			);
			defaultConfigurationIsVisible = 0;
			defaultConfigurationName = Release;
		};
		B95BAB142950610C004D6306 /* Build configuration list for PBXNativeTarget "Practice" */ = {
			isa = XCConfigurationList;
			buildConfigurations = (
				B95BAB152950610C004D6306 /* Debug */,
				B95BAB162950610C004D6306 /* Release */,
			);
			defaultConfigurationIsVisible = 0;
			defaultConfigurationName = Release;
		};
/* End XCConfigurationList section */

/* Begin XCRemoteSwiftPackageReference section */
		B944074129ACAEAE004822B1 /* XCRemoteSwiftPackageReference "Then" */ = {
			isa = XCRemoteSwiftPackageReference;
			repositoryURL = "https://github.com/devxoul/Then";
			requirement = {
				branch = master;
				kind = branch;
			};
		};
		B946933829977CCC000E2A9D /* XCRemoteSwiftPackageReference "SDWebImage" */ = {
			isa = XCRemoteSwiftPackageReference;
			repositoryURL = "https://github.com/SDWebImage/SDWebImage";
			requirement = {
				branch = master;
				kind = branch;
			};
		};
		B946933B29978AE7000E2A9D /* XCRemoteSwiftPackageReference "SDWebImageFLPlugin" */ = {
			isa = XCRemoteSwiftPackageReference;
			repositoryURL = "https://github.com/SDWebImage/SDWebImageFLPlugin";
			requirement = {
				kind = upToNextMajorVersion;
				minimumVersion = 0.6.0;
			};
		};
		B9670C3F29514FDF00616BC5 /* XCRemoteSwiftPackageReference "SnapKit" */ = {
			isa = XCRemoteSwiftPackageReference;
			repositoryURL = "https://github.com/SnapKit/SnapKit";
			requirement = {
				kind = upToNextMajorVersion;
				minimumVersion = 5.0.0;
			};
		};
/* End XCRemoteSwiftPackageReference section */

/* Begin XCSwiftPackageProductDependency section */
		B944074229ACAEAE004822B1 /* Then */ = {
			isa = XCSwiftPackageProductDependency;
			package = B944074129ACAEAE004822B1 /* XCRemoteSwiftPackageReference "Then" */;
			productName = Then;
		};
		B946933929977CCC000E2A9D /* SDWebImage */ = {
			isa = XCSwiftPackageProductDependency;
			package = B946933829977CCC000E2A9D /* XCRemoteSwiftPackageReference "SDWebImage" */;
			productName = SDWebImage;
		};
		B946933C29978AE7000E2A9D /* SDWebImageFLPlugin */ = {
			isa = XCSwiftPackageProductDependency;
			package = B946933B29978AE7000E2A9D /* XCRemoteSwiftPackageReference "SDWebImageFLPlugin" */;
			productName = SDWebImageFLPlugin;
		};
		B9670C4029514FDF00616BC5 /* SnapKit */ = {
			isa = XCSwiftPackageProductDependency;
			package = B9670C3F29514FDF00616BC5 /* XCRemoteSwiftPackageReference "SnapKit" */;
			productName = SnapKit;
		};
/* End XCSwiftPackageProductDependency section */
	};
	rootObject = B95BAAF82950610B004D6306 /* Project object */;
}
